
Microsoft Visual Studio Solution File, Format Version 12.00
Project("{2150E333-8FDC-42A3-9474-1A3956D46DE8}") = "src", "src", "{0A0DD19C-C8F3-4E63-AB5E-8510D5322618}"
EndProject
Project("{FAE04EC0-301F-11D3-BF4B-00C04F79EFBC}") = "Matsoft.MongoDB", "Matsoft.MongoDB\Matsoft.MongoDB.csproj", "{8F40C0E7-4D8B-4138-A0EA-D0D5F5DE7904}"
EndProject
Global
	GlobalSection(SolutionConfigurationPlatforms) = preSolution
		Debug|Any CPU = Debug|Any CPU
		Release|Any CPU = Release|Any CPU
	EndGlobalSection
	GlobalSection(NestedProjects) = preSolution
		{8F40C0E7-4D8B-4138-A0EA-D0D5F5DE7904} = {0A0DD19C-C8F3-4E63-AB5E-8510D5322618}
	EndGlobalSection
	GlobalSection(ProjectConfigurationPlatforms) = postSolution
		{8F40C0E7-4D8B-4138-A0EA-D0D5F5DE7904}.Debug|Any CPU.ActiveCfg = Debug|Any CPU
		{8F40C0E7-4D8B-4138-A0EA-D0D5F5DE7904}.Debug|Any CPU.Build.0 = Debug|Any CPU
		{8F40C0E7-4D8B-4138-A0EA-D0D5F5DE7904}.Release|Any CPU.ActiveCfg = Release|Any CPU
		{8F40C0E7-4D8B-4138-A0EA-D0D5F5DE7904}.Release|Any CPU.Build.0 = Release|Any CPU
	EndGlobalSection
EndGlobal
